
Microsoft Visual Studio Solution File, Format Version 12.00
# Visual Studio Version 17
VisualStudioVersion = 17.14.36414.22 d17.14
MinimumVisualStudioVersion = 10.0.40219.1
Project("{888888A0-9F3D-457C-B088-3A5042F75D52}") = "task9", "task9\task9.pyproj", "{788F8070-01D4-4173-83AF-5D5C9B7084D5}"
EndProject
Global
	GlobalSection(SolutionConfigurationPlatforms) = preSolution
		Debug|Any CPU = Debug|Any CPU
		Release|Any CPU = Release|Any CPU
	EndGlobalSection
	GlobalSection(ProjectConfigurationPlatforms) = postSolution
		{788F8070-01D4-4173-83AF-5D5C9B7084D5}.Debug|Any CPU.ActiveCfg = Debug|Any CPU
		{788F8070-01D4-4173-83AF-5D5C9B7084D5}.Release|Any CPU.ActiveCfg = Release|Any CPU
	EndGlobalSection
	GlobalSection(SolutionProperties) = preSolution
		HideSolutionNode = FALSE
	EndGlobalSection
	GlobalSection(ExtensibilityGlobals) = postSolution
		SolutionGuid = {37C4CC31-C4FC-49AA-B42C-E6904518205D}
	EndGlobalSection
EndGlobal
